// !$*UTF8*$!
{
	archiveVersion = 1;
	classes = {
	};
	objectVersion = 50;
	objects = {

/* Begin PBXBuildFile section */
		586E3F8D24E2260B00E88ED0 /* AppDelegate.swift in Sources */ = {isa = PBXBuildFile; fileRef = 586E3F8C24E2260B00E88ED0 /* AppDelegate.swift */; };
		586E3F8F24E2260B00E88ED0 /* SceneDelegate.swift in Sources */ = {isa = PBXBuildFile; fileRef = 586E3F8E24E2260B00E88ED0 /* SceneDelegate.swift */; };
		586E3F9124E2260B00E88ED0 /* ViewController.swift in Sources */ = {isa = PBXBuildFile; fileRef = 586E3F9024E2260B00E88ED0 /* ViewController.swift */; };
		586E3F9424E2260B00E88ED0 /* Main.storyboard in Resources */ = {isa = PBXBuildFile; fileRef = 586E3F9224E2260B00E88ED0 /* Main.storyboard */; };
		586E3F9624E2260E00E88ED0 /* Assets.xcassets in Resources */ = {isa = PBXBuildFile; fileRef = 586E3F9524E2260E00E88ED0 /* Assets.xcassets */; };
		586E3F9924E2260E00E88ED0 /* LaunchScreen.storyboard in Resources */ = {isa = PBXBuildFile; fileRef = 586E3F9724E2260E00E88ED0 /* LaunchScreen.storyboard */; };
/* End PBXBuildFile section */

/* Begin PBXFileReference section */
		586E3F8924E2260B00E88ED0 /* ARPlanets.app */ = {isa = PBXFileReference; explicitFileType = wrapper.application; includeInIndex = 0; path = ARPlanets.app; sourceTree = BUILT_PRODUCTS_DIR; };
		586E3F8C24E2260B00E88ED0 /* AppDelegate.swift */ = {isa = PBXFileReference; lastKnownFileType = sourcecode.swift; path = AppDelegate.swift; sourceTree = "<group>"; };
		586E3F8E24E2260B00E88ED0 /* SceneDelegate.swift */ = {isa = PBXFileReference; lastKnownFileType = sourcecode.swift; path = SceneDelegate.swift; sourceTree = "<group>"; };
		586E3F9024E2260B00E88ED0 /* ViewController.swift */ = {isa = PBXFileReference; lastKnownFileType = sourcecode.swift; path = ViewController.swift; sourceTree = "<group>"; };
		586E3F9324E2260B00E88ED0 /* Base */ = {isa = PBXFileReference; lastKnownFileType = file.storyboard; name = Base; path = Base.lproj/Main.storyboard; sourceTree = "<group>"; };
		586E3F9524E2260E00E88ED0 /* Assets.xcassets */ = {isa = PBXFileReference; lastKnownFileType = folder.assetcatalog; path = Assets.xcassets; sourceTree = "<group>"; };
		586E3F9824E2260E00E88ED0 /* Base */ = {isa = PBXFileReference; lastKnownFileType = file.storyboard; name = Base; path = Base.lproj/LaunchScreen.storyboard; sourceTree = "<group>"; };
		586E3F9A24E2260E00E88ED0 /* Info.plist */ = {isa = PBXFileReference; lastKnownFileType = text.plist.xml; path = Info.plist; sourceTree = "<group>"; };
/* End PBXFileReference section */

/* Begin PBXFrameworksBuildPhase section */
		586E3F8624E2260B00E88ED0 /* Frameworks */ = {
			isa = PBXFrameworksBuildPhase;
			buildActionMask = 2147483647;
			files = (
			);
			runOnlyForDeploymentPostprocessing = 0;
		};
/* End PBXFrameworksBuildPhase section */

/* Begin PBXGroup section */
		586E3F8024E2260B00E88ED0 = {
			isa = PBXGroup;
			children = (
				586E3F8B24E2260B00E88ED0 /* ARPlanets */,
				586E3F8A24E2260B00E88ED0 /* Products */,
			);
			sourceTree = "<group>";
		};
		586E3F8A24E2260B00E88ED0 /* Products */ = {
			isa = PBXGroup;
			children = (
				586E3F8924E2260B00E88ED0 /* ARPlanets.app */,
			);
			name = Products;
			sourceTree = "<group>";
		};
		586E3F8B24E2260B00E88ED0 /* ARPlanets */ = {
			isa = PBXGroup;
			children = (
				586E3F8C24E2260B00E88ED0 /* AppDelegate.swift */,
				586E3F8E24E2260B00E88ED0 /* SceneDelegate.swift */,
				586E3F9024E2260B00E88ED0 /* ViewController.swift */,
				586E3F9224E2260B00E88ED0 /* Main.storyboard */,
				586E3F9524E2260E00E88ED0 /* Assets.xcassets */,
				586E3F9724E2260E00E88ED0 /* LaunchScreen.storyboard */,
				586E3F9A24E2260E00E88ED0 /* Info.plist */,
			);
			path = ARPlanets;
			sourceTree = "<group>";
		};
/* End PBXGroup section */

/* Begin PBXNativeTarget section */
		586E3F8824E2260B00E88ED0 /* ARPlanets */ = {
			isa = PBXNativeTarget;
			buildConfigurationList = 586E3F9D24E2260E00E88ED0 /* Build configuration list for PBXNativeTarget "ARPlanets" */;
			buildPhases = (
				586E3F8524E2260B00E88ED0 /* Sources */,
				586E3F8624E2260B00E88ED0 /* Frameworks */,
				586E3F8724E2260B00E88ED0 /* Resources */,
			);
			buildRules = (
			);
			dependencies = (
			);
			name = ARPlanets;
			productName = ARPlanets;
			productReference = 586E3F8924E2260B00E88ED0 /* ARPlanets.app */;
			productType = "com.apple.product-type.application";
		};
/* End PBXNativeTarget section */

/* Begin PBXProject section */
		586E3F8124E2260B00E88ED0 /* Project object */ = {
			isa = PBXProject;
			attributes = {
				LastSwiftUpdateCheck = 1160;
				LastUpgradeCheck = 1200;
				ORGANIZATIONNAME = ThiagoMartins;
				TargetAttributes = {
					586E3F8824E2260B00E88ED0 = {
						CreatedOnToolsVersion = 11.6;
					};
				};
			};
			buildConfigurationList = 586E3F8424E2260B00E88ED0 /* Build configuration list for PBXProject "ARPlanets" */;
			compatibilityVersion = "Xcode 9.3";
			developmentRegion = en;
			hasScannedForEncodings = 0;
			knownRegions = (
				en,
				Base,
			);
			mainGroup = 586E3F8024E2260B00E88ED0;
			productRefGroup = 586E3F8A24E2260B00E88ED0 /* Products */;
			projectDirPath = "";
			projectRoot = "";
			targets = (
				586E3F8824E2260B00E88ED0 /* ARPlanets */,
			);
		};
/* End PBXProject section */

/* Begin PBXResourcesBuildPhase section */
		586E3F8724E2260B00E88ED0 /* Resources */ = {
			isa = PBXResourcesBuildPhase;
			buildActionMask = 2147483647;
			files = (
				586E3F9924E2260E00E88ED0 /* LaunchScreen.storyboard in Resources */,
				586E3F9624E2260E00E88ED0 /* Assets.xcassets in Resources */,
				586E3F9424E2260B00E88ED0 /* Main.storyboard in Resources */,
			);
			runOnlyForDeploymentPostprocessing = 0;
		};
/* End PBXResourcesBuildPhase section */

/* Begin PBXSourcesBuildPhase section */
		586E3F8524E2260B00E88ED0 /* Sources */ = {
			isa = PBXSourcesBuildPhase;
			buildActionMask = 2147483647;
			files = (
				586E3F9124E2260B00E88ED0 /* ViewController.swift in Sources */,
				586E3F8D24E2260B00E88ED0 /* AppDelegate.swift in Sources */,
				586E3F8F24E2260B00E88ED0 /* SceneDelegate.swift in Sources */,
			);
			runOnlyForDeploymentPostprocessing = 0;
		};
/* End PBXSourcesBuildPhase section */

/* Begin PBXVariantGroup section */
		586E3F9224E2260B00E88ED0 /* Main.storyboard */ = {
			isa = PBXVariantGroup;
			children = (
				586E3F9324E2260B00E88ED0 /* Base */,
			);
			name = Main.storyboard;
			sourceTree = "<group>";
		};
		586E3F9724E2260E00E88ED0 /* LaunchScreen.storyboard */ = {
			isa = PBXVariantGroup;
			children = (
				586E3F9824E2260E00E88ED0 /* Base */,
			);
			name = LaunchScreen.storyboard;
			sourceTree = "<group>";
		};
/* End PBXVariantGroup section */

/* Begin XCBuildConfiguration section */
		586E3F9B24E2260E00E88ED0 /* Debug */ = {
			isa = XCBuildConfiguration;
			buildSettings = {
				ALWAYS_SEARCH_USER_PATHS = NO;
				CLANG_ANALYZER_NONNULL = YES;
				CLANG_ANALYZER_NUMBER_OBJECT_CONVERSION = YES_AGGRESSIVE;
				CLANG_CXX_LANGUAGE_STANDARD = "gnu++14";
				CLANG_CXX_LIBRARY = "libc++";
				CLANG_ENABLE_MODULES = YES;
				CLANG_ENABLE_OBJC_ARC = YES;
				CLANG_ENABLE_OBJC_WEAK = YES;
				CLANG_WARN_BLOCK_CAPTURE_AUTORELEASING = YES;
				CLANG_WARN_BOOL_CONVERSION = YES;
				CLANG_WARN_COMMA = YES;
				CLANG_WARN_CONSTANT_CONVERSION = YES;
				CLANG_WARN_DEPRECATED_OBJC_IMPLEMENTATIONS = YES;
				CLANG_WARN_DIRECT_OBJC_ISA_USAGE = YES_ERROR;
				CLANG_WARN_DOCUMENTATION_COMMENTS = YES;
				CLANG_WARN_EMPTY_BODY = YES;
				CLANG_WARN_ENUM_CONVERSION = YES;
				CLANG_WARN_INFINITE_RECURSION = YES;
				CLANG_WARN_INT_CONVERSION = YES;
				CLANG_WARN_NON_LITERAL_NULL_CONVERSION = YES;
				CLANG_WARN_OBJC_IMPLICIT_RETAIN_SELF = YES;
				CLANG_WARN_OBJC_LITERAL_CONVERSION = YES;
				CLANG_WARN_OBJC_ROOT_CLASS = YES_ERROR;
				CLANG_WARN_QUOTED_INCLUDE_IN_FRAMEWORK_HEADER = YES;
				CLANG_WARN_RANGE_LOOP_ANALYSIS = YES;
				CLANG_WARN_STRICT_PROTOTYPES = YES;
				CLANG_WARN_SUSPICIOUS_MOVE = YES;
				CLANG_WARN_UNGUARDED_AVAILABILITY = YES_AGGRESSIVE;
				CLANG_WARN_UNREACHABLE_CODE = YES;
				CLANG_WARN__DUPLICATE_METHOD_MATCH = YES;
				COPY_PHASE_STRIP = NO;
				DEBUG_INFORMATION_FORMAT = dwarf;
				ENABLE_STRICT_OBJC_MSGSEND = YES;
				ENABLE_TESTABILITY = YES;
				GCC_C_LANGUAGE_STANDARD = gnu11;
				GCC_DYNAMIC_NO_PIC = NO;
				GCC_NO_COMMON_BLOCKS = YES;
				GCC_OPTIMIZATION_LEVEL = 0;
				GCC_PREPROCESSOR_DEFINITIONS = (
					"DEBUG=1",
					"$(inherited)",
				);
				GCC_WARN_64_TO_32_BIT_CONVERSION = YES;
				GCC_WARN_ABOUT_RETURN_TYPE = YES_ERROR;
				GCC_WARN_UNDECLARED_SELECTOR = YES;
				GCC_WARN_UNINITIALIZED_AUTOS = YES_AGGRESSIVE;
				GCC_WARN_UNUSED_FUNCTION = YES;
				GCC_WARN_UNUSED_VARIABLE = YES;
				IPHONEOS_DEPLOYMENT_TARGET = 13.6;
				MTL_ENABLE_DEBUG_INFO = INCLUDE_SOURCE;
				MTL_FAST_MATH = YES;
				ONLY_ACTIVE_ARCH = YES;
				SDKROOT = iphoneos;
				SWIFT_ACTIVE_COMPILATION_CONDITIONS = DEBUG;
				SWIFT_OPTIMIZATION_LEVEL = "-Onone";
			};
			name = Debug;
		};
		586E3F9C24E2260E00E88ED0 /* Release */ = {
			isa = XCBuildConfiguration;
			buildSettings = {
				ALWAYS_SEARCH_USER_PATHS = NO;
				CLANG_ANALYZER_NONNULL = YES;
				CLANG_ANALYZER_NUMBER_OBJECT_CONVERSION = YES_AGGRESSIVE;
				CLANG_CXX_LANGUAGE_STANDARD = "gnu++14";
				CLANG_CXX_LIBRARY = "libc++";
				CLANG_ENABLE_MODULES = YES;
				CLANG_ENABLE_OBJC_ARC = YES;
				CLANG_ENABLE_OBJC_WEAK = YES;
				CLANG_WARN_BLOCK_CAPTURE_AUTORELEASING = YES;
				CLANG_WARN_BOOL_CONVERSION = YES;
				CLANG_WARN_COMMA = YES;
				CLANG_WARN_CONSTANT_CONVERSION = YES;
				CLANG_WARN_DEPRECATED_OBJC_IMPLEMENTATIONS = YES;
				CLANG_WARN_DIRECT_OBJC_ISA_USAGE = YES_ERROR;
				CLANG_WARN_DOCUMENTATION_COMMENTS = YES;
				CLANG_WARN_EMPTY_BODY = YES;
				CLANG_WARN_ENUM_CONVERSION = YES;
				CLANG_WARN_INFINITE_RECURSION = YES;
				CLANG_WARN_INT_CONVERSION = YES;
				CLANG_WARN_NON_LITERAL_NULL_CONVERSION = YES;
				CLANG_WARN_OBJC_IMPLICIT_RETAIN_SELF = YES;
				CLANG_WARN_OBJC_LITERAL_CONVERSION = YES;
				CLANG_WARN_OBJC_ROOT_CLASS = YES_ERROR;
				CLANG_WARN_QUOTED_INCLUDE_IN_FRAMEWORK_HEADER = YES;
				CLANG_WARN_RANGE_LOOP_ANALYSIS = YES;
				CLANG_WARN_STRICT_PROTOTYPES = YES;
				CLANG_WARN_SUSPICIOUS_MOVE = YES;
				CLANG_WARN_UNGUARDED_AVAILABILITY = YES_AGGRESSIVE;
				CLANG_WARN_UNREACHABLE_CODE = YES;
				CLANG_WARN__DUPLICATE_METHOD_MATCH = YES;
				COPY_PHASE_STRIP = NO;
				DEBUG_INFORMATION_FORMAT = "dwarf-with-dsym";
				ENABLE_NS_ASSERTIONS = NO;
				ENABLE_STRICT_OBJC_MSGSEND = YES;
				GCC_C_LANGUAGE_STANDARD = gnu11;
				GCC_NO_COMMON_BLOCKS = YES;
				GCC_WARN_64_TO_32_BIT_CONVERSION = YES;
				GCC_WARN_ABOUT_RETURN_TYPE = YES_ERROR;
				GCC_WARN_UNDECLARED_SELECTOR = YES;
				GCC_WARN_UNINITIALIZED_AUTOS = YES_AGGRESSIVE;
				GCC_WARN_UNUSED_FUNCTION = YES;
				GCC_WARN_UNUSED_VARIABLE = YES;
				IPHONEOS_DEPLOYMENT_TARGET = 13.6;
				MTL_ENABLE_DEBUG_INFO = NO;
				MTL_FAST_MATH = YES;
				SDKROOT = iphoneos;
				SWIFT_COMPILATION_MODE = wholemodule;
				SWIFT_OPTIMIZATION_LEVEL = "-O";
				VALIDATE_PRODUCT = YES;
			};
			name = Release;
		};
		586E3F9E24E2260E00E88ED0 /* Debug */ = {
			isa = XCBuildConfiguration;
			buildSettings = {
				ASSETCATALOG_COMPILER_APPICON_NAME = AppIcon;
				CODE_SIGN_STYLE = Automatic;
				DEVELOPMENT_TEAM = RP9DNSQ6S9;
				INFOPLIST_FILE = ARPlanets/Info.plist;
				LD_RUNPATH_SEARCH_PATHS = (
					"$(inherited)",
					"@executable_path/Frameworks",
				);
				PRODUCT_BUNDLE_IDENTIFIER = br.com.ThiagoMartins.ARPlanets;
				PRODUCT_NAME = "$(TARGET_NAME)";
				SWIFT_VERSION = 5.0;
				TARGETED_DEVICE_FAMILY = "1,2";
			};
			name = Debug;
		};
		586E3F9F24E2260E00E88ED0 /* Release */ = {
			isa = XCBuildConfiguration;
			buildSettings = {
				ASSETCATALOG_COMPILER_APPICON_NAME = AppIcon;
				CODE_SIGN_STYLE = Automatic;
				DEVELOPMENT_TEAM = RP9DNSQ6S9;
				INFOPLIST_FILE = ARPlanets/Info.plist;
				LD_RUNPATH_SEARCH_PATHS = (
					"$(inherited)",
					"@executable_path/Frameworks",
				);
				PRODUCT_BUNDLE_IDENTIFIER = br.com.ThiagoMartins.ARPlanets;
				PRODUCT_NAME = "$(TARGET_NAME)";
				SWIFT_VERSION = 5.0;
				TARGETED_DEVICE_FAMILY = "1,2";
			};
			name = Release;
		};
/* End XCBuildConfiguration section */

/* Begin XCConfigurationList section */
		586E3F8424E2260B00E88ED0 /* Build configuration list for PBXProject "ARPlanets" */ = {
			isa = XCConfigurationList;
			buildConfigurations = (
				586E3F9B24E2260E00E88ED0 /* Debug */,
				586E3F9C24E2260E00E88ED0 /* Release */,
			);
			defaultConfigurationIsVisible = 0;
			defaultConfigurationName = Release;
		};
		586E3F9D24E2260E00E88ED0 /* Build configuration list for PBXNativeTarget "ARPlanets" */ = {
			isa = XCConfigurationList;
			buildConfigurations = (
				586E3F9E24E2260E00E88ED0 /* Debug */,
				586E3F9F24E2260E00E88ED0 /* Release */,
			);
			defaultConfigurationIsVisible = 0;
			defaultConfigurationName = Release;
		};
/* End XCConfigurationList section */
	};
	rootObject = 586E3F8124E2260B00E88ED0 /* Project object */;
}
